// !$*UTF8*$!
{
	archiveVersion = 1;
	classes = {
	};
	objectVersion = 46;
	objects = {

/* Begin PBXBuildFile section */
		211E567C1D2164880029E487 /* Repository.swift in Sources */ = {isa = PBXBuildFile; fileRef = 211E567B1D2164880029E487 /* Repository.swift */; };
		211E56801D21655B0029E487 /* User.swift in Sources */ = {isa = PBXBuildFile; fileRef = 211E567F1D21655B0029E487 /* User.swift */; };
		211E56821D216B6E0029E487 /* AccessToken.swift in Sources */ = {isa = PBXBuildFile; fileRef = 211E56811D216B6E0029E487 /* AccessToken.swift */; };
		211E56841D227CF40029E487 /* Types.swift in Sources */ = {isa = PBXBuildFile; fileRef = 211E56831D227CF40029E487 /* Types.swift */; };
		2171E8AF1D1AA31000B587A9 /* LoopBackSwift.h in Headers */ = {isa = PBXBuildFile; fileRef = 2171E8AE1D1AA31000B587A9 /* LoopBackSwift.h */; settings = {ATTRIBUTES = (Public, ); }; };
		2171E8B61D1AA31000B587A9 /* LoopBackSwift.framework in Frameworks */ = {isa = PBXBuildFile; fileRef = 2171E8AB1D1AA31000B587A9 /* LoopBackSwift.framework */; };
		2171E8BB1D1AA31000B587A9 /* LoopBackSwiftTests.swift in Sources */ = {isa = PBXBuildFile; fileRef = 2171E8BA1D1AA31000B587A9 /* LoopBackSwiftTests.swift */; };
		2171E8C61D1AA38400B587A9 /* LoopBack.swift in Sources */ = {isa = PBXBuildFile; fileRef = 2171E8C51D1AA38400B587A9 /* LoopBack.swift */; };
		2171E8CA1D1AF00E00B587A9 /* Alamofire.framework in Frameworks */ = {isa = PBXBuildFile; fileRef = 2171E8C91D1AF00E00B587A9 /* Alamofire.framework */; };
		2171E8CE1D1B78B200B587A9 /* ObjectMapper.framework in Frameworks */ = {isa = PBXBuildFile; fileRef = 2171E8CC1D1B78B200B587A9 /* ObjectMapper.framework */; };
		2171E9341D1D248D00B587A9 /* BrightFutures.framework in Frameworks */ = {isa = PBXBuildFile; fileRef = 2171E9321D1D248D00B587A9 /* BrightFutures.framework */; };
		2171E9351D1D248D00B587A9 /* Result.framework in Frameworks */ = {isa = PBXBuildFile; fileRef = 2171E9331D1D248D00B587A9 /* Result.framework */; };
		21A2C6B41D903B1200117361 /* AlamofireObjectMapper.swift in Sources */ = {isa = PBXBuildFile; fileRef = 21A2C6B31D903B1200117361 /* AlamofireObjectMapper.swift */; };
		21A2C6C01D903DE200117361 /* HTTPStatusCodes.swift in Sources */ = {isa = PBXBuildFile; fileRef = 21A2C6BE1D903DE200117361 /* HTTPStatusCodes.swift */; };
		21A2C6C11D903DE200117361 /* HTTPStatusCodes+Extensions.swift in Sources */ = {isa = PBXBuildFile; fileRef = 21A2C6BF1D903DE200117361 /* HTTPStatusCodes+Extensions.swift */; };
/* End PBXBuildFile section */

/* Begin PBXContainerItemProxy section */
		2171E8B71D1AA31000B587A9 /* PBXContainerItemProxy */ = {
			isa = PBXContainerItemProxy;
			containerPortal = 2171E8A21D1AA31000B587A9 /* Project object */;
			proxyType = 1;
			remoteGlobalIDString = 2171E8AA1D1AA31000B587A9;
			remoteInfo = LoopBackSwift;
		};
/* End PBXContainerItemProxy section */

/* Begin PBXFileReference section */
		211E567B1D2164880029E487 /* Repository.swift */ = {isa = PBXFileReference; fileEncoding = 4; lastKnownFileType = sourcecode.swift; path = Repository.swift; sourceTree = "<group>"; };
		211E567F1D21655B0029E487 /* User.swift */ = {isa = PBXFileReference; fileEncoding = 4; lastKnownFileType = sourcecode.swift; path = User.swift; sourceTree = "<group>"; };
		211E56811D216B6E0029E487 /* AccessToken.swift */ = {isa = PBXFileReference; fileEncoding = 4; lastKnownFileType = sourcecode.swift; path = AccessToken.swift; sourceTree = "<group>"; };
		211E56831D227CF40029E487 /* Types.swift */ = {isa = PBXFileReference; fileEncoding = 4; lastKnownFileType = sourcecode.swift; path = Types.swift; sourceTree = "<group>"; };
		2171E8AB1D1AA31000B587A9 /* LoopBackSwift.framework */ = {isa = PBXFileReference; explicitFileType = wrapper.framework; includeInIndex = 0; path = LoopBackSwift.framework; sourceTree = BUILT_PRODUCTS_DIR; };
		2171E8AE1D1AA31000B587A9 /* LoopBackSwift.h */ = {isa = PBXFileReference; lastKnownFileType = sourcecode.c.h; name = LoopBackSwift.h; path = Source/LoopBackSwift.h; sourceTree = "<group>"; };
		2171E8B01D1AA31000B587A9 /* Info.plist */ = {isa = PBXFileReference; lastKnownFileType = text.plist.xml; name = Info.plist; path = Source/Info.plist; sourceTree = "<group>"; };
		2171E8B51D1AA31000B587A9 /* LoopBackSwiftTests.xctest */ = {isa = PBXFileReference; explicitFileType = wrapper.cfbundle; includeInIndex = 0; path = LoopBackSwiftTests.xctest; sourceTree = BUILT_PRODUCTS_DIR; };
		2171E8BA1D1AA31000B587A9 /* LoopBackSwiftTests.swift */ = {isa = PBXFileReference; lastKnownFileType = sourcecode.swift; path = LoopBackSwiftTests.swift; sourceTree = "<group>"; };
		2171E8BC1D1AA31000B587A9 /* Info.plist */ = {isa = PBXFileReference; lastKnownFileType = text.plist.xml; path = Info.plist; sourceTree = "<group>"; };
		2171E8C51D1AA38400B587A9 /* LoopBack.swift */ = {isa = PBXFileReference; fileEncoding = 4; lastKnownFileType = sourcecode.swift; path = LoopBack.swift; sourceTree = "<group>"; };
		2171E8C91D1AF00E00B587A9 /* Alamofire.framework */ = {isa = PBXFileReference; lastKnownFileType = wrapper.framework; name = Alamofire.framework; path = Carthage/Build/iOS/Alamofire.framework; sourceTree = "<group>"; };
		2171E8CC1D1B78B200B587A9 /* ObjectMapper.framework */ = {isa = PBXFileReference; lastKnownFileType = wrapper.framework; name = ObjectMapper.framework; path = Carthage/Build/iOS/ObjectMapper.framework; sourceTree = "<group>"; };
		2171E9321D1D248D00B587A9 /* BrightFutures.framework */ = {isa = PBXFileReference; lastKnownFileType = wrapper.framework; name = BrightFutures.framework; path = Carthage/Build/iOS/BrightFutures.framework; sourceTree = "<group>"; };
		2171E9331D1D248D00B587A9 /* Result.framework */ = {isa = PBXFileReference; lastKnownFileType = wrapper.framework; name = Result.framework; path = Carthage/Build/iOS/Result.framework; sourceTree = "<group>"; };
		21A2C6B31D903B1200117361 /* AlamofireObjectMapper.swift */ = {isa = PBXFileReference; fileEncoding = 4; lastKnownFileType = sourcecode.swift; path = AlamofireObjectMapper.swift; sourceTree = "<group>"; };
		21A2C6BE1D903DE200117361 /* HTTPStatusCodes.swift */ = {isa = PBXFileReference; fileEncoding = 4; lastKnownFileType = sourcecode.swift; path = HTTPStatusCodes.swift; sourceTree = "<group>"; };
		21A2C6BF1D903DE200117361 /* HTTPStatusCodes+Extensions.swift */ = {isa = PBXFileReference; fileEncoding = 4; lastKnownFileType = sourcecode.swift; path = "HTTPStatusCodes+Extensions.swift"; sourceTree = "<group>"; };
/* End PBXFileReference section */

/* Begin PBXFrameworksBuildPhase section */
		2171E8A71D1AA31000B587A9 /* Frameworks */ = {
			isa = PBXFrameworksBuildPhase;
			buildActionMask = 2147483647;
			files = (
				2171E8CE1D1B78B200B587A9 /* ObjectMapper.framework in Frameworks */,
				2171E9341D1D248D00B587A9 /* BrightFutures.framework in Frameworks */,
				2171E9351D1D248D00B587A9 /* Result.framework in Frameworks */,
				2171E8CA1D1AF00E00B587A9 /* Alamofire.framework in Frameworks */,
			);
			runOnlyForDeploymentPostprocessing = 0;
		};
		2171E8B21D1AA31000B587A9 /* Frameworks */ = {
			isa = PBXFrameworksBuildPhase;
			buildActionMask = 2147483647;
			files = (
				2171E8B61D1AA31000B587A9 /* LoopBackSwift.framework in Frameworks */,
			);
			runOnlyForDeploymentPostprocessing = 0;
		};
/* End PBXFrameworksBuildPhase section */

/* Begin PBXGroup section */
		2171E8A11D1AA31000B587A9 = {
			isa = PBXGroup;
			children = (
				2171E8AD1D1AA31000B587A9 /* Source */,
				2171E8C71D1AEF9100B587A9 /* Supporting Files */,
				2171E8B91D1AA31000B587A9 /* Tests */,
				2171E8AC1D1AA31000B587A9 /* Products */,
				2171E8C81D1AEFDC00B587A9 /* Supporting Frameworks */,
			);
			sourceTree = "<group>";
		};
		2171E8AC1D1AA31000B587A9 /* Products */ = {
			isa = PBXGroup;
			children = (
				2171E8AB1D1AA31000B587A9 /* LoopBackSwift.framework */,
				2171E8B51D1AA31000B587A9 /* LoopBackSwiftTests.xctest */,
			);
			name = Products;
			sourceTree = "<group>";
		};
		2171E8AD1D1AA31000B587A9 /* Source */ = {
			isa = PBXGroup;
			children = (
				21A2C6B51D903D3300117361 /* Helpers */,
				2171E8C51D1AA38400B587A9 /* LoopBack.swift */,
				211E567B1D2164880029E487 /* Repository.swift */,
				211E567F1D21655B0029E487 /* User.swift */,
				211E56811D216B6E0029E487 /* AccessToken.swift */,
				211E56831D227CF40029E487 /* Types.swift */,
			);
			path = Source;
			sourceTree = "<group>";
		};
		2171E8B91D1AA31000B587A9 /* Tests */ = {
			isa = PBXGroup;
			children = (
				2171E8BA1D1AA31000B587A9 /* LoopBackSwiftTests.swift */,
				2171E8BC1D1AA31000B587A9 /* Info.plist */,
			);
			path = Tests;
			sourceTree = "<group>";
		};
		2171E8C71D1AEF9100B587A9 /* Supporting Files */ = {
			isa = PBXGroup;
			children = (
				2171E8AE1D1AA31000B587A9 /* LoopBackSwift.h */,
				2171E8B01D1AA31000B587A9 /* Info.plist */,
			);
			name = "Supporting Files";
			sourceTree = "<group>";
		};
		2171E8C81D1AEFDC00B587A9 /* Supporting Frameworks */ = {
			isa = PBXGroup;
			children = (
				2171E9321D1D248D00B587A9 /* BrightFutures.framework */,
				2171E9331D1D248D00B587A9 /* Result.framework */,
				2171E8CC1D1B78B200B587A9 /* ObjectMapper.framework */,
				2171E8C91D1AF00E00B587A9 /* Alamofire.framework */,
			);
			name = "Supporting Frameworks";
			sourceTree = "<group>";
		};
		21A2C6B51D903D3300117361 /* Helpers */ = {
			isa = PBXGroup;
			children = (
				21A2C6BE1D903DE200117361 /* HTTPStatusCodes.swift */,
				21A2C6BF1D903DE200117361 /* HTTPStatusCodes+Extensions.swift */,
				21A2C6B31D903B1200117361 /* AlamofireObjectMapper.swift */,
			);
			name = Helpers;
			sourceTree = "<group>";
		};
/* End PBXGroup section */

/* Begin PBXHeadersBuildPhase section */
		2171E8A81D1AA31000B587A9 /* Headers */ = {
			isa = PBXHeadersBuildPhase;
			buildActionMask = 2147483647;
			files = (
				2171E8AF1D1AA31000B587A9 /* LoopBackSwift.h in Headers */,
			);
			runOnlyForDeploymentPostprocessing = 0;
		};
/* End PBXHeadersBuildPhase section */

/* Begin PBXNativeTarget section */
		2171E8AA1D1AA31000B587A9 /* LoopBackSwift */ = {
			isa = PBXNativeTarget;
			buildConfigurationList = 2171E8BF1D1AA31000B587A9 /* Build configuration list for PBXNativeTarget "LoopBackSwift" */;
			buildPhases = (
				2171E8A61D1AA31000B587A9 /* Sources */,
				2171E8A71D1AA31000B587A9 /* Frameworks */,
				2171E8A81D1AA31000B587A9 /* Headers */,
				2171E8A91D1AA31000B587A9 /* Resources */,
			);
			buildRules = (
			);
			dependencies = (
			);
			name = LoopBackSwift;
			productName = LoopBackSwift;
			productReference = 2171E8AB1D1AA31000B587A9 /* LoopBackSwift.framework */;
			productType = "com.apple.product-type.framework";
		};
		2171E8B41D1AA31000B587A9 /* LoopBackSwiftTests */ = {
			isa = PBXNativeTarget;
			buildConfigurationList = 2171E8C21D1AA31000B587A9 /* Build configuration list for PBXNativeTarget "LoopBackSwiftTests" */;
			buildPhases = (
				2171E8B11D1AA31000B587A9 /* Sources */,
				2171E8B21D1AA31000B587A9 /* Frameworks */,
				2171E8B31D1AA31000B587A9 /* Resources */,
			);
			buildRules = (
			);
			dependencies = (
				2171E8B81D1AA31000B587A9 /* PBXTargetDependency */,
			);
			name = LoopBackSwiftTests;
			productName = LoopBackSwiftTests;
			productReference = 2171E8B51D1AA31000B587A9 /* LoopBackSwiftTests.xctest */;
			productType = "com.apple.product-type.bundle.unit-test";
		};
/* End PBXNativeTarget section */

/* Begin PBXProject section */
		2171E8A21D1AA31000B587A9 /* Project object */ = {
			isa = PBXProject;
			attributes = {
				LastSwiftUpdateCheck = 0730;
				LastUpgradeCheck = 0800;
				ORGANIZATIONNAME = Molecularts;
				TargetAttributes = {
					2171E8AA1D1AA31000B587A9 = {
						CreatedOnToolsVersion = 7.3;
						LastSwiftMigration = 0800;
					};
					2171E8B41D1AA31000B587A9 = {
						CreatedOnToolsVersion = 7.3;
						LastSwiftMigration = 0800;
					};
				};
			};
			buildConfigurationList = 2171E8A51D1AA31000B587A9 /* Build configuration list for PBXProject "LoopBackSwift" */;
			compatibilityVersion = "Xcode 3.2";
			developmentRegion = English;
			hasScannedForEncodings = 0;
			knownRegions = (
				en,
			);
			mainGroup = 2171E8A11D1AA31000B587A9;
			productRefGroup = 2171E8AC1D1AA31000B587A9 /* Products */;
			projectDirPath = "";
			projectRoot = "";
			targets = (
				2171E8AA1D1AA31000B587A9 /* LoopBackSwift */,
				2171E8B41D1AA31000B587A9 /* LoopBackSwiftTests */,
			);
		};
/* End PBXProject section */

/* Begin PBXResourcesBuildPhase section */
		2171E8A91D1AA31000B587A9 /* Resources */ = {
			isa = PBXResourcesBuildPhase;
			buildActionMask = 2147483647;
			files = (
			);
			runOnlyForDeploymentPostprocessing = 0;
		};
		2171E8B31D1AA31000B587A9 /* Resources */ = {
			isa = PBXResourcesBuildPhase;
			buildActionMask = 2147483647;
			files = (
			);
			runOnlyForDeploymentPostprocessing = 0;
		};
/* End PBXResourcesBuildPhase section */

/* Begin PBXSourcesBuildPhase section */
		2171E8A61D1AA31000B587A9 /* Sources */ = {
			isa = PBXSourcesBuildPhase;
			buildActionMask = 2147483647;
			files = (
				21A2C6C11D903DE200117361 /* HTTPStatusCodes+Extensions.swift in Sources */,
				21A2C6C01D903DE200117361 /* HTTPStatusCodes.swift in Sources */,
				2171E8C61D1AA38400B587A9 /* LoopBack.swift in Sources */,
				211E567C1D2164880029E487 /* Repository.swift in Sources */,
				21A2C6B41D903B1200117361 /* AlamofireObjectMapper.swift in Sources */,
				211E56801D21655B0029E487 /* User.swift in Sources */,
				211E56841D227CF40029E487 /* Types.swift in Sources */,
				211E56821D216B6E0029E487 /* AccessToken.swift in Sources */,
			);
			runOnlyForDeploymentPostprocessing = 0;
		};
		2171E8B11D1AA31000B587A9 /* Sources */ = {
			isa = PBXSourcesBuildPhase;
			buildActionMask = 2147483647;
			files = (
				2171E8BB1D1AA31000B587A9 /* LoopBackSwiftTests.swift in Sources */,
			);
			runOnlyForDeploymentPostprocessing = 0;
		};
/* End PBXSourcesBuildPhase section */

/* Begin PBXTargetDependency section */
		2171E8B81D1AA31000B587A9 /* PBXTargetDependency */ = {
			isa = PBXTargetDependency;
			target = 2171E8AA1D1AA31000B587A9 /* LoopBackSwift */;
			targetProxy = 2171E8B71D1AA31000B587A9 /* PBXContainerItemProxy */;
		};
/* End PBXTargetDependency section */

/* Begin XCBuildConfiguration section */
		2171E8BD1D1AA31000B587A9 /* Debug */ = {
			isa = XCBuildConfiguration;
			buildSettings = {
				ALWAYS_SEARCH_USER_PATHS = NO;
				CLANG_ANALYZER_NONNULL = YES;
				CLANG_CXX_LANGUAGE_STANDARD = "gnu++0x";
				CLANG_CXX_LIBRARY = "libc++";
				CLANG_ENABLE_MODULES = YES;
				CLANG_ENABLE_OBJC_ARC = YES;
				CLANG_WARN_BOOL_CONVERSION = YES;
				CLANG_WARN_CONSTANT_CONVERSION = YES;
				CLANG_WARN_DIRECT_OBJC_ISA_USAGE = YES_ERROR;
				CLANG_WARN_EMPTY_BODY = YES;
				CLANG_WARN_ENUM_CONVERSION = YES;
				CLANG_WARN_INFINITE_RECURSION = YES;
				CLANG_WARN_INT_CONVERSION = YES;
				CLANG_WARN_OBJC_ROOT_CLASS = YES_ERROR;
				CLANG_WARN_SUSPICIOUS_MOVE = YES;
				CLANG_WARN_UNREACHABLE_CODE = YES;
				CLANG_WARN__DUPLICATE_METHOD_MATCH = YES;
				"CODE_SIGN_IDENTITY[sdk=iphoneos*]" = "iPhone Developer";
				COPY_PHASE_STRIP = NO;
				CURRENT_PROJECT_VERSION = 1;
				DEBUG_INFORMATION_FORMAT = dwarf;
				ENABLE_STRICT_OBJC_MSGSEND = YES;
				ENABLE_TESTABILITY = YES;
				GCC_C_LANGUAGE_STANDARD = gnu99;
				GCC_DYNAMIC_NO_PIC = NO;
				GCC_NO_COMMON_BLOCKS = YES;
				GCC_OPTIMIZATION_LEVEL = 0;
				GCC_PREPROCESSOR_DEFINITIONS = (
					"DEBUG=1",
					"$(inherited)",
				);
				GCC_WARN_64_TO_32_BIT_CONVERSION = YES;
				GCC_WARN_ABOUT_RETURN_TYPE = YES_ERROR;
				GCC_WARN_UNDECLARED_SELECTOR = YES;
				GCC_WARN_UNINITIALIZED_AUTOS = YES_AGGRESSIVE;
				GCC_WARN_UNUSED_FUNCTION = YES;
				GCC_WARN_UNUSED_VARIABLE = YES;
				IPHONEOS_DEPLOYMENT_TARGET = 8.2;
				MTL_ENABLE_DEBUG_INFO = YES;
				ONLY_ACTIVE_ARCH = YES;
				SDKROOT = iphoneos;
				SWIFT_OPTIMIZATION_LEVEL = "-Onone";
				TARGETED_DEVICE_FAMILY = "1,2";
				VERSIONING_SYSTEM = "apple-generic";
				VERSION_INFO_PREFIX = "";
			};
			name = Debug;
		};
		2171E8BE1D1AA31000B587A9 /* Release */ = {
			isa = XCBuildConfiguration;
			buildSettings = {
				ALWAYS_SEARCH_USER_PATHS = NO;
				CLANG_ANALYZER_NONNULL = YES;
				CLANG_CXX_LANGUAGE_STANDARD = "gnu++0x";
				CLANG_CXX_LIBRARY = "libc++";
				CLANG_ENABLE_MODULES = YES;
				CLANG_ENABLE_OBJC_ARC = YES;
				CLANG_WARN_BOOL_CONVERSION = YES;
				CLANG_WARN_CONSTANT_CONVERSION = YES;
				CLANG_WARN_DIRECT_OBJC_ISA_USAGE = YES_ERROR;
				CLANG_WARN_EMPTY_BODY = YES;
				CLANG_WARN_ENUM_CONVERSION = YES;
				CLANG_WARN_INFINITE_RECURSION = YES;
				CLANG_WARN_INT_CONVERSION = YES;
				CLANG_WARN_OBJC_ROOT_CLASS = YES_ERROR;
				CLANG_WARN_SUSPICIOUS_MOVE = YES;
				CLANG_WARN_UNREACHABLE_CODE = YES;
				CLANG_WARN__DUPLICATE_METHOD_MATCH = YES;
				"CODE_SIGN_IDENTITY[sdk=iphoneos*]" = "iPhone Developer";
				COPY_PHASE_STRIP = NO;
				CURRENT_PROJECT_VERSION = 1;
				DEBUG_INFORMATION_FORMAT = "dwarf-with-dsym";
				ENABLE_NS_ASSERTIONS = NO;
				ENABLE_STRICT_OBJC_MSGSEND = YES;
				GCC_C_LANGUAGE_STANDARD = gnu99;
				GCC_NO_COMMON_BLOCKS = YES;
				GCC_WARN_64_TO_32_BIT_CONVERSION = YES;
				GCC_WARN_ABOUT_RETURN_TYPE = YES_ERROR;
				GCC_WARN_UNDECLARED_SELECTOR = YES;
				GCC_WARN_UNINITIALIZED_AUTOS = YES_AGGRESSIVE;
				GCC_WARN_UNUSED_FUNCTION = YES;
				GCC_WARN_UNUSED_VARIABLE = YES;
				IPHONEOS_DEPLOYMENT_TARGET = 8.2;
				MTL_ENABLE_DEBUG_INFO = NO;
				SDKROOT = iphoneos;
				SWIFT_OPTIMIZATION_LEVEL = "-Owholemodule";
				TARGETED_DEVICE_FAMILY = "1,2";
				VALIDATE_PRODUCT = YES;
				VERSIONING_SYSTEM = "apple-generic";
				VERSION_INFO_PREFIX = "";
			};
			name = Release;
		};
		2171E8C01D1AA31000B587A9 /* Debug */ = {
			isa = XCBuildConfiguration;
			buildSettings = {
				CLANG_ENABLE_MODULES = YES;
				"CODE_SIGN_IDENTITY[sdk=iphoneos*]" = "";
				DEFINES_MODULE = YES;
				DYLIB_COMPATIBILITY_VERSION = 1;
				DYLIB_CURRENT_VERSION = 1;
				DYLIB_INSTALL_NAME_BASE = "@rpath";
				FRAMEWORK_SEARCH_PATHS = (
					"$(inherited)",
					"$(PROJECT_DIR)/Carthage/Build/iOS",
				);
				INFOPLIST_FILE = "$(SRCROOT)/Source/Info.plist";
				INSTALL_PATH = "$(LOCAL_LIBRARY_DIR)/Frameworks";
				LD_RUNPATH_SEARCH_PATHS = "$(inherited) @executable_path/Frameworks @loader_path/Frameworks";
				ONLY_ACTIVE_ARCH = YES;
				PRODUCT_BUNDLE_IDENTIFIER = "com.molecularts.loopback-swift";
				PRODUCT_NAME = "$(TARGET_NAME)";
				SKIP_INSTALL = YES;
				SWIFT_OPTIMIZATION_LEVEL = "-Onone";
				SWIFT_VERSION = 2.3;
			};
			name = Debug;
		};
		2171E8C11D1AA31000B587A9 /* Release */ = {
			isa = XCBuildConfiguration;
			buildSettings = {
				CLANG_ENABLE_MODULES = YES;
				"CODE_SIGN_IDENTITY[sdk=iphoneos*]" = "";
				DEFINES_MODULE = YES;
				DYLIB_COMPATIBILITY_VERSION = 1;
				DYLIB_CURRENT_VERSION = 1;
				DYLIB_INSTALL_NAME_BASE = "@rpath";
				FRAMEWORK_SEARCH_PATHS = (
					"$(inherited)",
					"$(PROJECT_DIR)/Carthage/Build/iOS",
				);
				INFOPLIST_FILE = "$(SRCROOT)/Source/Info.plist";
				INSTALL_PATH = "$(LOCAL_LIBRARY_DIR)/Frameworks";
				LD_RUNPATH_SEARCH_PATHS = "$(inherited) @executable_path/Frameworks @loader_path/Frameworks";
				ONLY_ACTIVE_ARCH = NO;
				PRODUCT_BUNDLE_IDENTIFIER = "com.molecularts.loopback-swift";
				PRODUCT_NAME = "$(TARGET_NAME)";
				SKIP_INSTALL = YES;
				SWIFT_VERSION = 2.3;
			};
			name = Release;
		};
		2171E8C31D1AA31000B587A9 /* Debug */ = {
			isa = XCBuildConfiguration;
			buildSettings = {
				INFOPLIST_FILE = Tests/Info.plist;
				LD_RUNPATH_SEARCH_PATHS = "$(inherited) @executable_path/Frameworks @loader_path/Frameworks";
				PRODUCT_BUNDLE_IDENTIFIER = com.molecularts.LoopBackSwiftTests;
				PRODUCT_NAME = "$(TARGET_NAME)";
				SWIFT_VERSION = 2.3;
			};
			name = Debug;
		};
		2171E8C41D1AA31000B587A9 /* Release */ = {
			isa = XCBuildConfiguration;
			buildSettings = {
				INFOPLIST_FILE = Tests/Info.plist;
				LD_RUNPATH_SEARCH_PATHS = "$(inherited) @executable_path/Frameworks @loader_path/Frameworks";
				PRODUCT_BUNDLE_IDENTIFIER = com.molecularts.LoopBackSwiftTests;
				PRODUCT_NAME = "$(TARGET_NAME)";
				SWIFT_VERSION = 2.3;
			};
			name = Release;
		};
/* End XCBuildConfiguration section */

/* Begin XCConfigurationList section */
		2171E8A51D1AA31000B587A9 /* Build configuration list for PBXProject "LoopBackSwift" */ = {
			isa = XCConfigurationList;
			buildConfigurations = (
				2171E8BD1D1AA31000B587A9 /* Debug */,
				2171E8BE1D1AA31000B587A9 /* Release */,
			);
			defaultConfigurationIsVisible = 0;
			defaultConfigurationName = Release;
		};
		2171E8BF1D1AA31000B587A9 /* Build configuration list for PBXNativeTarget "LoopBackSwift" */ = {
			isa = XCConfigurationList;
			buildConfigurations = (
				2171E8C01D1AA31000B587A9 /* Debug */,
				2171E8C11D1AA31000B587A9 /* Release */,
			);
			defaultConfigurationIsVisible = 0;
			defaultConfigurationName = Release;
		};
		2171E8C21D1AA31000B587A9 /* Build configuration list for PBXNativeTarget "LoopBackSwiftTests" */ = {
			isa = XCConfigurationList;
			buildConfigurations = (
				2171E8C31D1AA31000B587A9 /* Debug */,
				2171E8C41D1AA31000B587A9 /* Release */,
			);
			defaultConfigurationIsVisible = 0;
			defaultConfigurationName = Release;
		};
/* End XCConfigurationList section */
	};
	rootObject = 2171E8A21D1AA31000B587A9 /* Project object */;
}
